// !$*UTF8*$!
{
	archiveVersion = 1;
	classes = {
	};
	objectVersion = 55;
	objects = {

/* Begin PBXBuildFile section */
		D341211F2799E00E00C66BA2 /* AppDelegate.swift in Sources */ = {isa = PBXBuildFile; fileRef = D341211E2799E00E00C66BA2 /* AppDelegate.swift */; };
		D34121212799E00E00C66BA2 /* SceneDelegate.swift in Sources */ = {isa = PBXBuildFile; fileRef = D34121202799E00E00C66BA2 /* SceneDelegate.swift */; };
		D34121232799E00E00C66BA2 /* UserViewController.swift in Sources */ = {isa = PBXBuildFile; fileRef = D34121222799E00E00C66BA2 /* UserViewController.swift */; };
		D34121262799E00E00C66BA2 /* Main.storyboard in Resources */ = {isa = PBXBuildFile; fileRef = D34121242799E00E00C66BA2 /* Main.storyboard */; };
		D34121282799E00F00C66BA2 /* Assets.xcassets in Resources */ = {isa = PBXBuildFile; fileRef = D34121272799E00F00C66BA2 /* Assets.xcassets */; };
		D341212B2799E00F00C66BA2 /* LaunchScreen.storyboard in Resources */ = {isa = PBXBuildFile; fileRef = D34121292799E00F00C66BA2 /* LaunchScreen.storyboard */; };
		D388669E27AAB6E5008094D8 /* UserModel.xcdatamodeld in Sources */ = {isa = PBXBuildFile; fileRef = D388669C27AAB6E5008094D8 /* UserModel.xcdatamodeld */; };
		D38866A027AB083C008094D8 /* UserCoreDataManager.swift in Sources */ = {isa = PBXBuildFile; fileRef = D388669F27AB083C008094D8 /* UserCoreDataManager.swift */; };
		D3973316279C015E0066F76A /* UserService.swift in Sources */ = {isa = PBXBuildFile; fileRef = D3973315279C015E0066F76A /* UserService.swift */; };
		D3CEFB70279A9B5F00587B95 /* User.swift in Sources */ = {isa = PBXBuildFile; fileRef = D3CEFB6F279A9B5F00587B95 /* User.swift */; };
		D3CEFB72279AAAE100587B95 /* UserPresenter.swift in Sources */ = {isa = PBXBuildFile; fileRef = D3CEFB71279AAAE100587B95 /* UserPresenter.swift */; };
		D3E194D6279D4F7900AAAFCC /* Photo.swift in Sources */ = {isa = PBXBuildFile; fileRef = D3E194D5279D4F7900AAAFCC /* Photo.swift */; };
		D3E194DA279D502300AAAFCC /* PhotoService.swift in Sources */ = {isa = PBXBuildFile; fileRef = D3E194D9279D502300AAAFCC /* PhotoService.swift */; };
		D3E194E4279D5B6D00AAAFCC /* UserPhotosByIdViewController.swift in Sources */ = {isa = PBXBuildFile; fileRef = D3E194E3279D5B6D00AAAFCC /* UserPhotosByIdViewController.swift */; };
		D3E194EA279D79AB00AAAFCC /* PhotoPresenter.swift in Sources */ = {isa = PBXBuildFile; fileRef = D3E194E9279D79AB00AAAFCC /* PhotoPresenter.swift */; };
		D3E194EC279D7B8B00AAAFCC /* PhotoTableViewCell.swift in Sources */ = {isa = PBXBuildFile; fileRef = D3E194EB279D7B8B00AAAFCC /* PhotoTableViewCell.swift */; };
		D3E9FC0327ABB49F00F8952B /* UserEntity+CoreDataClass.swift in Sources */ = {isa = PBXBuildFile; fileRef = D3E9FC0127ABB49F00F8952B /* UserEntity+CoreDataClass.swift */; };
		D3E9FC0427ABB49F00F8952B /* UserEntity+CoreDataProperties.swift in Sources */ = {isa = PBXBuildFile; fileRef = D3E9FC0227ABB49F00F8952B /* UserEntity+CoreDataProperties.swift */; };
/* End PBXBuildFile section */

/* Begin PBXFileReference section */
		D341211B2799E00E00C66BA2 /* goraInterviewTask.app */ = {isa = PBXFileReference; explicitFileType = wrapper.application; includeInIndex = 0; path = goraInterviewTask.app; sourceTree = BUILT_PRODUCTS_DIR; };
		D341211E2799E00E00C66BA2 /* AppDelegate.swift */ = {isa = PBXFileReference; lastKnownFileType = sourcecode.swift; path = AppDelegate.swift; sourceTree = "<group>"; };
		D34121202799E00E00C66BA2 /* SceneDelegate.swift */ = {isa = PBXFileReference; lastKnownFileType = sourcecode.swift; path = SceneDelegate.swift; sourceTree = "<group>"; };
		D34121222799E00E00C66BA2 /* UserViewController.swift */ = {isa = PBXFileReference; lastKnownFileType = sourcecode.swift; path = UserViewController.swift; sourceTree = "<group>"; };
		D34121252799E00E00C66BA2 /* Base */ = {isa = PBXFileReference; lastKnownFileType = file.storyboard; name = Base; path = Base.lproj/Main.storyboard; sourceTree = "<group>"; };
		D34121272799E00F00C66BA2 /* Assets.xcassets */ = {isa = PBXFileReference; lastKnownFileType = folder.assetcatalog; path = Assets.xcassets; sourceTree = "<group>"; };
		D341212A2799E00F00C66BA2 /* Base */ = {isa = PBXFileReference; lastKnownFileType = file.storyboard; name = Base; path = Base.lproj/LaunchScreen.storyboard; sourceTree = "<group>"; };
		D341212C2799E00F00C66BA2 /* Info.plist */ = {isa = PBXFileReference; lastKnownFileType = text.plist.xml; path = Info.plist; sourceTree = "<group>"; };
		D388669D27AAB6E5008094D8 /* UserModel.xcdatamodel */ = {isa = PBXFileReference; lastKnownFileType = wrapper.xcdatamodel; path = UserModel.xcdatamodel; sourceTree = "<group>"; };
		D388669F27AB083C008094D8 /* UserCoreDataManager.swift */ = {isa = PBXFileReference; lastKnownFileType = sourcecode.swift; path = UserCoreDataManager.swift; sourceTree = "<group>"; };
		D3973315279C015E0066F76A /* UserService.swift */ = {isa = PBXFileReference; lastKnownFileType = sourcecode.swift; path = UserService.swift; sourceTree = "<group>"; };
		D3CEFB6F279A9B5F00587B95 /* User.swift */ = {isa = PBXFileReference; lastKnownFileType = sourcecode.swift; path = User.swift; sourceTree = "<group>"; };
		D3CEFB71279AAAE100587B95 /* UserPresenter.swift */ = {isa = PBXFileReference; lastKnownFileType = sourcecode.swift; path = UserPresenter.swift; sourceTree = "<group>"; };
		D3E194D5279D4F7900AAAFCC /* Photo.swift */ = {isa = PBXFileReference; lastKnownFileType = sourcecode.swift; path = Photo.swift; sourceTree = "<group>"; };
		D3E194D9279D502300AAAFCC /* PhotoService.swift */ = {isa = PBXFileReference; lastKnownFileType = sourcecode.swift; path = PhotoService.swift; sourceTree = "<group>"; };
		D3E194E3279D5B6D00AAAFCC /* UserPhotosByIdViewController.swift */ = {isa = PBXFileReference; lastKnownFileType = sourcecode.swift; path = UserPhotosByIdViewController.swift; sourceTree = "<group>"; };
		D3E194E9279D79AB00AAAFCC /* PhotoPresenter.swift */ = {isa = PBXFileReference; lastKnownFileType = sourcecode.swift; path = PhotoPresenter.swift; sourceTree = "<group>"; };
		D3E194EB279D7B8B00AAAFCC /* PhotoTableViewCell.swift */ = {isa = PBXFileReference; lastKnownFileType = sourcecode.swift; path = PhotoTableViewCell.swift; sourceTree = "<group>"; };
		D3E9FC0127ABB49F00F8952B /* UserEntity+CoreDataClass.swift */ = {isa = PBXFileReference; lastKnownFileType = sourcecode.swift; path = "UserEntity+CoreDataClass.swift"; sourceTree = "<group>"; };
		D3E9FC0227ABB49F00F8952B /* UserEntity+CoreDataProperties.swift */ = {isa = PBXFileReference; lastKnownFileType = sourcecode.swift; path = "UserEntity+CoreDataProperties.swift"; sourceTree = "<group>"; };
/* End PBXFileReference section */

/* Begin PBXFrameworksBuildPhase section */
		D34121182799E00E00C66BA2 /* Frameworks */ = {
			isa = PBXFrameworksBuildPhase;
			buildActionMask = 2147483647;
			files = (
			);
			runOnlyForDeploymentPostprocessing = 0;
		};
/* End PBXFrameworksBuildPhase section */

/* Begin PBXGroup section */
		D34121122799E00E00C66BA2 = {
			isa = PBXGroup;
			children = (
				D341211D2799E00E00C66BA2 /* goraInterviewTask */,
				D341211C2799E00E00C66BA2 /* Products */,
			);
			sourceTree = "<group>";
		};
		D341211C2799E00E00C66BA2 /* Products */ = {
			isa = PBXGroup;
			children = (
				D341211B2799E00E00C66BA2 /* goraInterviewTask.app */,
			);
			name = Products;
			sourceTree = "<group>";
		};
		D341211D2799E00E00C66BA2 /* goraInterviewTask */ = {
			isa = PBXGroup;
			children = (
				D3E194F2279DD6E900AAAFCC /* FeatureUserPhotoById */,
				D3E194ED279DD69600AAAFCC /* FeatureUsers */,
				D341211E2799E00E00C66BA2 /* AppDelegate.swift */,
				D34121202799E00E00C66BA2 /* SceneDelegate.swift */,
				D34121242799E00E00C66BA2 /* Main.storyboard */,
				D34121272799E00F00C66BA2 /* Assets.xcassets */,
				D34121292799E00F00C66BA2 /* LaunchScreen.storyboard */,
				D341212C2799E00F00C66BA2 /* Info.plist */,
			);
			path = goraInterviewTask;
			sourceTree = "<group>";
		};
		D3973314279C01530066F76A /* UsePhotoService */ = {
			isa = PBXGroup;
			children = (
				D3E194D9279D502300AAAFCC /* PhotoService.swift */,
			);
			path = UsePhotoService;
			sourceTree = "<group>";
		};
		D3CEFB6C279A9AFD00587B95 /* UserPhotoView */ = {
			isa = PBXGroup;
			children = (
				D3E194E3279D5B6D00AAAFCC /* UserPhotosByIdViewController.swift */,
				D3E194EB279D7B8B00AAAFCC /* PhotoTableViewCell.swift */,
			);
			path = UserPhotoView;
			sourceTree = "<group>";
		};
		D3CEFB6D279A9B0500587B95 /* UserPhotoPresenter */ = {
			isa = PBXGroup;
			children = (
				D3E194E9279D79AB00AAAFCC /* PhotoPresenter.swift */,
			);
			path = UserPhotoPresenter;
			sourceTree = "<group>";
		};
		D3CEFB6E279A9B0D00587B95 /* UserPhotoModel */ = {
			isa = PBXGroup;
			children = (
				D3E194D5279D4F7900AAAFCC /* Photo.swift */,
			);
			path = UserPhotoModel;
			sourceTree = "<group>";
		};
		D3E194ED279DD69600AAAFCC /* FeatureUsers */ = {
			isa = PBXGroup;
			children = (
				D3E194F1279DD6BF00AAAFCC /* UserView */,
				D3E194F0279DD6B700AAAFCC /* UserModel */,
				D3E194EF279DD6AD00AAAFCC /* UserPresenter */,
				D3E194EE279DD6A200AAAFCC /* UserService */,
				D388669C27AAB6E5008094D8 /* UserModel.xcdatamodeld */,
				D388669F27AB083C008094D8 /* UserCoreDataManager.swift */,
			);
			path = FeatureUsers;
			sourceTree = "<group>";
		};
		D3E194EE279DD6A200AAAFCC /* UserService */ = {
			isa = PBXGroup;
			children = (
				D3973315279C015E0066F76A /* UserService.swift */,
			);
			path = UserService;
			sourceTree = "<group>";
		};
		D3E194EF279DD6AD00AAAFCC /* UserPresenter */ = {
			isa = PBXGroup;
			children = (
				D3CEFB71279AAAE100587B95 /* UserPresenter.swift */,
			);
			path = UserPresenter;
			sourceTree = "<group>";
		};
		D3E194F0279DD6B700AAAFCC /* UserModel */ = {
			isa = PBXGroup;
			children = (
				D3E9FC0527ABB4AE00F8952B /* UserCoreDataModel */,
				D3CEFB6F279A9B5F00587B95 /* User.swift */,
			);
			path = UserModel;
			sourceTree = "<group>";
		};
		D3E194F1279DD6BF00AAAFCC /* UserView */ = {
			isa = PBXGroup;
			children = (
				D34121222799E00E00C66BA2 /* UserViewController.swift */,
			);
			path = UserView;
			sourceTree = "<group>";
		};
		D3E194F2279DD6E900AAAFCC /* FeatureUserPhotoById */ = {
			isa = PBXGroup;
			children = (
				D3CEFB6E279A9B0D00587B95 /* UserPhotoModel */,
				D3CEFB6D279A9B0500587B95 /* UserPhotoPresenter */,
				D3CEFB6C279A9AFD00587B95 /* UserPhotoView */,
				D3973314279C01530066F76A /* UsePhotoService */,
			);
			path = FeatureUserPhotoById;
			sourceTree = "<group>";
		};
		D3E9FC0527ABB4AE00F8952B /* UserCoreDataModel */ = {
			isa = PBXGroup;
			children = (
				D3E9FC0127ABB49F00F8952B /* UserEntity+CoreDataClass.swift */,
				D3E9FC0227ABB49F00F8952B /* UserEntity+CoreDataProperties.swift */,
			);
			path = UserCoreDataModel;
			sourceTree = "<group>";
		};
/* End PBXGroup section */

/* Begin PBXNativeTarget section */
		D341211A2799E00E00C66BA2 /* goraInterviewTask */ = {
			isa = PBXNativeTarget;
			buildConfigurationList = D341212F2799E00F00C66BA2 /* Build configuration list for PBXNativeTarget "goraInterviewTask" */;
			buildPhases = (
				D34121172799E00E00C66BA2 /* Sources */,
				D34121182799E00E00C66BA2 /* Frameworks */,
				D34121192799E00E00C66BA2 /* Resources */,
			);
			buildRules = (
			);
			dependencies = (
			);
			name = goraInterviewTask;
			productName = goraInterviewTask;
			productReference = D341211B2799E00E00C66BA2 /* goraInterviewTask.app */;
			productType = "com.apple.product-type.application";
		};
/* End PBXNativeTarget section */

/* Begin PBXProject section */
		D34121132799E00E00C66BA2 /* Project object */ = {
			isa = PBXProject;
			attributes = {
				BuildIndependentTargetsInParallel = 1;
				LastSwiftUpdateCheck = 1310;
				LastUpgradeCheck = 1310;
				TargetAttributes = {
					D341211A2799E00E00C66BA2 = {
						CreatedOnToolsVersion = 13.1;
					};
				};
			};
			buildConfigurationList = D34121162799E00E00C66BA2 /* Build configuration list for PBXProject "goraInterviewTask" */;
			compatibilityVersion = "Xcode 13.0";
			developmentRegion = en;
			hasScannedForEncodings = 0;
			knownRegions = (
				en,
				Base,
			);
			mainGroup = D34121122799E00E00C66BA2;
			productRefGroup = D341211C2799E00E00C66BA2 /* Products */;
			projectDirPath = "";
			projectRoot = "";
			targets = (
				D341211A2799E00E00C66BA2 /* goraInterviewTask */,
			);
		};
/* End PBXProject section */

/* Begin PBXResourcesBuildPhase section */
		D34121192799E00E00C66BA2 /* Resources */ = {
			isa = PBXResourcesBuildPhase;
			buildActionMask = 2147483647;
			files = (
				D341212B2799E00F00C66BA2 /* LaunchScreen.storyboard in Resources */,
				D34121282799E00F00C66BA2 /* Assets.xcassets in Resources */,
				D34121262799E00E00C66BA2 /* Main.storyboard in Resources */,
			);
			runOnlyForDeploymentPostprocessing = 0;
		};
/* End PBXResourcesBuildPhase section */

/* Begin PBXSourcesBuildPhase section */
		D34121172799E00E00C66BA2 /* Sources */ = {
			isa = PBXSourcesBuildPhase;
			buildActionMask = 2147483647;
			files = (
				D3E194D6279D4F7900AAAFCC /* Photo.swift in Sources */,
				D3E194E4279D5B6D00AAAFCC /* UserPhotosByIdViewController.swift in Sources */,
				D38866A027AB083C008094D8 /* UserCoreDataManager.swift in Sources */,
				D388669E27AAB6E5008094D8 /* UserModel.xcdatamodeld in Sources */,
				D3CEFB70279A9B5F00587B95 /* User.swift in Sources */,
				D3E194DA279D502300AAAFCC /* PhotoService.swift in Sources */,
				D3E194EA279D79AB00AAAFCC /* PhotoPresenter.swift in Sources */,
				D3E9FC0327ABB49F00F8952B /* UserEntity+CoreDataClass.swift in Sources */,
				D34121232799E00E00C66BA2 /* UserViewController.swift in Sources */,
				D3973316279C015E0066F76A /* UserService.swift in Sources */,
				D341211F2799E00E00C66BA2 /* AppDelegate.swift in Sources */,
				D3CEFB72279AAAE100587B95 /* UserPresenter.swift in Sources */,
				D3E194EC279D7B8B00AAAFCC /* PhotoTableViewCell.swift in Sources */,
				D3E9FC0427ABB49F00F8952B /* UserEntity+CoreDataProperties.swift in Sources */,
				D34121212799E00E00C66BA2 /* SceneDelegate.swift in Sources */,
			);
			runOnlyForDeploymentPostprocessing = 0;
		};
/* End PBXSourcesBuildPhase section */

/* Begin PBXVariantGroup section */
		D34121242799E00E00C66BA2 /* Main.storyboard */ = {
			isa = PBXVariantGroup;
			children = (
				D34121252799E00E00C66BA2 /* Base */,
			);
			name = Main.storyboard;
			sourceTree = "<group>";
		};
		D34121292799E00F00C66BA2 /* LaunchScreen.storyboard */ = {
			isa = PBXVariantGroup;
			children = (
				D341212A2799E00F00C66BA2 /* Base */,
			);
			name = LaunchScreen.storyboard;
			sourceTree = "<group>";
		};
/* End PBXVariantGroup section */

/* Begin XCBuildConfiguration section */
		D341212D2799E00F00C66BA2 /* Debug */ = {
			isa = XCBuildConfiguration;
			buildSettings = {
				ALWAYS_SEARCH_USER_PATHS = NO;
				CLANG_ANALYZER_NONNULL = YES;
				CLANG_ANALYZER_NUMBER_OBJECT_CONVERSION = YES_AGGRESSIVE;
				CLANG_CXX_LANGUAGE_STANDARD = "gnu++17";
				CLANG_CXX_LIBRARY = "libc++";
				CLANG_ENABLE_MODULES = YES;
				CLANG_ENABLE_OBJC_ARC = YES;
				CLANG_ENABLE_OBJC_WEAK = YES;
				CLANG_WARN_BLOCK_CAPTURE_AUTORELEASING = YES;
				CLANG_WARN_BOOL_CONVERSION = YES;
				CLANG_WARN_COMMA = YES;
				CLANG_WARN_CONSTANT_CONVERSION = YES;
				CLANG_WARN_DEPRECATED_OBJC_IMPLEMENTATIONS = YES;
				CLANG_WARN_DIRECT_OBJC_ISA_USAGE = YES_ERROR;
				CLANG_WARN_DOCUMENTATION_COMMENTS = YES;
				CLANG_WARN_EMPTY_BODY = YES;
				CLANG_WARN_ENUM_CONVERSION = YES;
				CLANG_WARN_INFINITE_RECURSION = YES;
				CLANG_WARN_INT_CONVERSION = YES;
				CLANG_WARN_NON_LITERAL_NULL_CONVERSION = YES;
				CLANG_WARN_OBJC_IMPLICIT_RETAIN_SELF = YES;
				CLANG_WARN_OBJC_LITERAL_CONVERSION = YES;
				CLANG_WARN_OBJC_ROOT_CLASS = YES_ERROR;
				CLANG_WARN_QUOTED_INCLUDE_IN_FRAMEWORK_HEADER = YES;
				CLANG_WARN_RANGE_LOOP_ANALYSIS = YES;
				CLANG_WARN_STRICT_PROTOTYPES = YES;
				CLANG_WARN_SUSPICIOUS_MOVE = YES;
				CLANG_WARN_UNGUARDED_AVAILABILITY = YES_AGGRESSIVE;
				CLANG_WARN_UNREACHABLE_CODE = YES;
				CLANG_WARN__DUPLICATE_METHOD_MATCH = YES;
				COPY_PHASE_STRIP = NO;
				DEBUG_INFORMATION_FORMAT = dwarf;
				ENABLE_STRICT_OBJC_MSGSEND = YES;
				ENABLE_TESTABILITY = YES;
				GCC_C_LANGUAGE_STANDARD = gnu11;
				GCC_DYNAMIC_NO_PIC = NO;
				GCC_NO_COMMON_BLOCKS = YES;
				GCC_OPTIMIZATION_LEVEL = 0;
				GCC_PREPROCESSOR_DEFINITIONS = (
					"DEBUG=1",
					"$(inherited)",
				);
				GCC_WARN_64_TO_32_BIT_CONVERSION = YES;
				GCC_WARN_ABOUT_RETURN_TYPE = YES_ERROR;
				GCC_WARN_UNDECLARED_SELECTOR = YES;
				GCC_WARN_UNINITIALIZED_AUTOS = YES_AGGRESSIVE;
				GCC_WARN_UNUSED_FUNCTION = YES;
				GCC_WARN_UNUSED_VARIABLE = YES;
				IPHONEOS_DEPLOYMENT_TARGET = 15.0;
				MTL_ENABLE_DEBUG_INFO = INCLUDE_SOURCE;
				MTL_FAST_MATH = YES;
				ONLY_ACTIVE_ARCH = YES;
				SDKROOT = iphoneos;
				SWIFT_ACTIVE_COMPILATION_CONDITIONS = DEBUG;
				SWIFT_OPTIMIZATION_LEVEL = "-Onone";
			};
			name = Debug;
		};
		D341212E2799E00F00C66BA2 /* Release */ = {
			isa = XCBuildConfiguration;
			buildSettings = {
				ALWAYS_SEARCH_USER_PATHS = NO;
				CLANG_ANALYZER_NONNULL = YES;
				CLANG_ANALYZER_NUMBER_OBJECT_CONVERSION = YES_AGGRESSIVE;
				CLANG_CXX_LANGUAGE_STANDARD = "gnu++17";
				CLANG_CXX_LIBRARY = "libc++";
				CLANG_ENABLE_MODULES = YES;
				CLANG_ENABLE_OBJC_ARC = YES;
				CLANG_ENABLE_OBJC_WEAK = YES;
				CLANG_WARN_BLOCK_CAPTURE_AUTORELEASING = YES;
				CLANG_WARN_BOOL_CONVERSION = YES;
				CLANG_WARN_COMMA = YES;
				CLANG_WARN_CONSTANT_CONVERSION = YES;
				CLANG_WARN_DEPRECATED_OBJC_IMPLEMENTATIONS = YES;
				CLANG_WARN_DIRECT_OBJC_ISA_USAGE = YES_ERROR;
				CLANG_WARN_DOCUMENTATION_COMMENTS = YES;
				CLANG_WARN_EMPTY_BODY = YES;
				CLANG_WARN_ENUM_CONVERSION = YES;
				CLANG_WARN_INFINITE_RECURSION = YES;
				CLANG_WARN_INT_CONVERSION = YES;
				CLANG_WARN_NON_LITERAL_NULL_CONVERSION = YES;
				CLANG_WARN_OBJC_IMPLICIT_RETAIN_SELF = YES;
				CLANG_WARN_OBJC_LITERAL_CONVERSION = YES;
				CLANG_WARN_OBJC_ROOT_CLASS = YES_ERROR;
				CLANG_WARN_QUOTED_INCLUDE_IN_FRAMEWORK_HEADER = YES;
				CLANG_WARN_RANGE_LOOP_ANALYSIS = YES;
				CLANG_WARN_STRICT_PROTOTYPES = YES;
				CLANG_WARN_SUSPICIOUS_MOVE = YES;
				CLANG_WARN_UNGUARDED_AVAILABILITY = YES_AGGRESSIVE;
				CLANG_WARN_UNREACHABLE_CODE = YES;
				CLANG_WARN__DUPLICATE_METHOD_MATCH = YES;
				COPY_PHASE_STRIP = NO;
				DEBUG_INFORMATION_FORMAT = "dwarf-with-dsym";
				ENABLE_NS_ASSERTIONS = NO;
				ENABLE_STRICT_OBJC_MSGSEND = YES;
				GCC_C_LANGUAGE_STANDARD = gnu11;
				GCC_NO_COMMON_BLOCKS = YES;
				GCC_WARN_64_TO_32_BIT_CONVERSION = YES;
				GCC_WARN_ABOUT_RETURN_TYPE = YES_ERROR;
				GCC_WARN_UNDECLARED_SELECTOR = YES;
				GCC_WARN_UNINITIALIZED_AUTOS = YES_AGGRESSIVE;
				GCC_WARN_UNUSED_FUNCTION = YES;
				GCC_WARN_UNUSED_VARIABLE = YES;
				IPHONEOS_DEPLOYMENT_TARGET = 15.0;
				MTL_ENABLE_DEBUG_INFO = NO;
				MTL_FAST_MATH = YES;
				SDKROOT = iphoneos;
				SWIFT_COMPILATION_MODE = wholemodule;
				SWIFT_OPTIMIZATION_LEVEL = "-O";
				VALIDATE_PRODUCT = YES;
			};
			name = Release;
		};
		D34121302799E00F00C66BA2 /* Debug */ = {
			isa = XCBuildConfiguration;
			buildSettings = {
				ASSETCATALOG_COMPILER_APPICON_NAME = AppIcon;
				ASSETCATALOG_COMPILER_GLOBAL_ACCENT_COLOR_NAME = AccentColor;
				CODE_SIGN_STYLE = Automatic;
				CURRENT_PROJECT_VERSION = 1;
				DEVELOPMENT_TEAM = 95X368593A;
				GENERATE_INFOPLIST_FILE = YES;
				INFOPLIST_FILE = goraInterviewTask/Info.plist;
				INFOPLIST_KEY_UIApplicationSupportsIndirectInputEvents = YES;
				INFOPLIST_KEY_UILaunchStoryboardName = LaunchScreen;
				INFOPLIST_KEY_UIMainStoryboardFile = Main;
				INFOPLIST_KEY_UISupportedInterfaceOrientations = UIInterfaceOrientationPortrait;
				INFOPLIST_KEY_UISupportedInterfaceOrientations_iPad = "UIInterfaceOrientationPortrait UIInterfaceOrientationPortraitUpsideDown UIInterfaceOrientationLandscapeLeft UIInterfaceOrientationLandscapeRight";
				INFOPLIST_KEY_UISupportedInterfaceOrientations_iPhone = "UIInterfaceOrientationPortrait UIInterfaceOrientationLandscapeLeft UIInterfaceOrientationLandscapeRight";
				LD_RUNPATH_SEARCH_PATHS = (
					"$(inherited)",
					"@executable_path/Frameworks",
				);
				MARKETING_VERSION = 1.0;
				PRODUCT_BUNDLE_IDENTIFIER = com.test.goraInterviewTask;
				PRODUCT_NAME = "$(TARGET_NAME)";
				SWIFT_EMIT_LOC_STRINGS = YES;
				SWIFT_VERSION = 5.0;
				TARGETED_DEVICE_FAMILY = 1;
			};
			name = Debug;
		};
		D34121312799E00F00C66BA2 /* Release */ = {
			isa = XCBuildConfiguration;
			buildSettings = {
				ASSETCATALOG_COMPILER_APPICON_NAME = AppIcon;
				ASSETCATALOG_COMPILER_GLOBAL_ACCENT_COLOR_NAME = AccentColor;
				CODE_SIGN_STYLE = Automatic;
				CURRENT_PROJECT_VERSION = 1;
				DEVELOPMENT_TEAM = 95X368593A;
				GENERATE_INFOPLIST_FILE = YES;
				INFOPLIST_FILE = goraInterviewTask/Info.plist;
				INFOPLIST_KEY_UIApplicationSupportsIndirectInputEvents = YES;
				INFOPLIST_KEY_UILaunchStoryboardName = LaunchScreen;
				INFOPLIST_KEY_UIMainStoryboardFile = Main;
				INFOPLIST_KEY_UISupportedInterfaceOrientations = UIInterfaceOrientationPortrait;
				INFOPLIST_KEY_UISupportedInterfaceOrientations_iPad = "UIInterfaceOrientationPortrait UIInterfaceOrientationPortraitUpsideDown UIInterfaceOrientationLandscapeLeft UIInterfaceOrientationLandscapeRight";
				INFOPLIST_KEY_UISupportedInterfaceOrientations_iPhone = "UIInterfaceOrientationPortrait UIInterfaceOrientationLandscapeLeft UIInterfaceOrientationLandscapeRight";
				LD_RUNPATH_SEARCH_PATHS = (
					"$(inherited)",
					"@executable_path/Frameworks",
				);
				MARKETING_VERSION = 1.0;
				PRODUCT_BUNDLE_IDENTIFIER = com.test.goraInterviewTask;
				PRODUCT_NAME = "$(TARGET_NAME)";
				SWIFT_EMIT_LOC_STRINGS = YES;
				SWIFT_VERSION = 5.0;
				TARGETED_DEVICE_FAMILY = 1;
			};
			name = Release;
		};
/* End XCBuildConfiguration section */

/* Begin XCConfigurationList section */
		D34121162799E00E00C66BA2 /* Build configuration list for PBXProject "goraInterviewTask" */ = {
			isa = XCConfigurationList;
			buildConfigurations = (
				D341212D2799E00F00C66BA2 /* Debug */,
				D341212E2799E00F00C66BA2 /* Release */,
			);
			defaultConfigurationIsVisible = 0;
			defaultConfigurationName = Release;
		};
		D341212F2799E00F00C66BA2 /* Build configuration list for PBXNativeTarget "goraInterviewTask" */ = {
			isa = XCConfigurationList;
			buildConfigurations = (
				D34121302799E00F00C66BA2 /* Debug */,
				D34121312799E00F00C66BA2 /* Release */,
			);
			defaultConfigurationIsVisible = 0;
			defaultConfigurationName = Release;
		};
/* End XCConfigurationList section */

/* Begin XCVersionGroup section */
		D388669C27AAB6E5008094D8 /* UserModel.xcdatamodeld */ = {
			isa = XCVersionGroup;
			children = (
				D388669D27AAB6E5008094D8 /* UserModel.xcdatamodel */,
			);
			currentVersion = D388669D27AAB6E5008094D8 /* UserModel.xcdatamodel */;
			path = UserModel.xcdatamodeld;
			sourceTree = "<group>";
			versionGroupType = wrapper.xcdatamodel;
		};
/* End XCVersionGroup section */
	};
	rootObject = D34121132799E00E00C66BA2 /* Project object */;
}
